// !$*UTF8*$!
{
	archiveVersion = 1;
	classes = {
	};
	objectVersion = 50;
	objects = {

/* Begin PBXBuildFile section */
		9C1D18F72450E27400A4230E /* AppDelegate.swift in Sources */ = {isa = PBXBuildFile; fileRef = 9C1D18F62450E27400A4230E /* AppDelegate.swift */; };
		9C1D18F92450E27400A4230E /* SceneDelegate.swift in Sources */ = {isa = PBXBuildFile; fileRef = 9C1D18F82450E27400A4230E /* SceneDelegate.swift */; };
		9C1D18FB2450E27400A4230E /* ViewController.swift in Sources */ = {isa = PBXBuildFile; fileRef = 9C1D18FA2450E27400A4230E /* ViewController.swift */; };
		9C1D18FE2450E27400A4230E /* Main.storyboard in Resources */ = {isa = PBXBuildFile; fileRef = 9C1D18FC2450E27400A4230E /* Main.storyboard */; };
		9C1D19002450E27500A4230E /* Assets.xcassets in Resources */ = {isa = PBXBuildFile; fileRef = 9C1D18FF2450E27500A4230E /* Assets.xcassets */; };
		9C1D19032450E27500A4230E /* LaunchScreen.storyboard in Resources */ = {isa = PBXBuildFile; fileRef = 9C1D19012450E27500A4230E /* LaunchScreen.storyboard */; };
		9C1D190B2450E62100A4230E /* BlueViewController.swift in Sources */ = {isa = PBXBuildFile; fileRef = 9C1D190A2450E62100A4230E /* BlueViewController.swift */; };
		9C1D190D2450E62700A4230E /* GreenViewController.swift in Sources */ = {isa = PBXBuildFile; fileRef = 9C1D190C2450E62700A4230E /* GreenViewController.swift */; };
		9C1D190F2450E9D300A4230E /* CenterButton.swift in Sources */ = {isa = PBXBuildFile; fileRef = 9C1D190E2450E9D300A4230E /* CenterButton.swift */; };
		9C1D19112450EDFC00A4230E /* GoViewController.swift in Sources */ = {isa = PBXBuildFile; fileRef = 9C1D19102450EDFC00A4230E /* GoViewController.swift */; };
		9C1D19132450F13E00A4230E /* UIView+Constraints.swift in Sources */ = {isa = PBXBuildFile; fileRef = 9C1D19122450F13E00A4230E /* UIView+Constraints.swift */; };
/* End PBXBuildFile section */

/* Begin PBXFileReference section */
		9C1D18F32450E27400A4230E /* RainbowTabs.app */ = {isa = PBXFileReference; explicitFileType = wrapper.application; includeInIndex = 0; path = RainbowTabs.app; sourceTree = BUILT_PRODUCTS_DIR; };
		9C1D18F62450E27400A4230E /* AppDelegate.swift */ = {isa = PBXFileReference; lastKnownFileType = sourcecode.swift; path = AppDelegate.swift; sourceTree = "<group>"; };
		9C1D18F82450E27400A4230E /* SceneDelegate.swift */ = {isa = PBXFileReference; lastKnownFileType = sourcecode.swift; path = SceneDelegate.swift; sourceTree = "<group>"; };
		9C1D18FA2450E27400A4230E /* ViewController.swift */ = {isa = PBXFileReference; lastKnownFileType = sourcecode.swift; path = ViewController.swift; sourceTree = "<group>"; };
		9C1D18FD2450E27400A4230E /* Base */ = {isa = PBXFileReference; lastKnownFileType = file.storyboard; name = Base; path = Base.lproj/Main.storyboard; sourceTree = "<group>"; };
		9C1D18FF2450E27500A4230E /* Assets.xcassets */ = {isa = PBXFileReference; lastKnownFileType = folder.assetcatalog; path = Assets.xcassets; sourceTree = "<group>"; };
		9C1D19022450E27500A4230E /* Base */ = {isa = PBXFileReference; lastKnownFileType = file.storyboard; name = Base; path = Base.lproj/LaunchScreen.storyboard; sourceTree = "<group>"; };
		9C1D19042450E27500A4230E /* Info.plist */ = {isa = PBXFileReference; lastKnownFileType = text.plist.xml; path = Info.plist; sourceTree = "<group>"; };
		9C1D190A2450E62100A4230E /* BlueViewController.swift */ = {isa = PBXFileReference; lastKnownFileType = sourcecode.swift; path = BlueViewController.swift; sourceTree = "<group>"; };
		9C1D190C2450E62700A4230E /* GreenViewController.swift */ = {isa = PBXFileReference; lastKnownFileType = sourcecode.swift; path = GreenViewController.swift; sourceTree = "<group>"; };
		9C1D190E2450E9D300A4230E /* CenterButton.swift */ = {isa = PBXFileReference; lastKnownFileType = sourcecode.swift; path = CenterButton.swift; sourceTree = "<group>"; };
		9C1D19102450EDFC00A4230E /* GoViewController.swift */ = {isa = PBXFileReference; lastKnownFileType = sourcecode.swift; path = GoViewController.swift; sourceTree = "<group>"; };
		9C1D19122450F13E00A4230E /* UIView+Constraints.swift */ = {isa = PBXFileReference; lastKnownFileType = sourcecode.swift; path = "UIView+Constraints.swift"; sourceTree = "<group>"; };
/* End PBXFileReference section */

/* Begin PBXFrameworksBuildPhase section */
		9C1D18F02450E27400A4230E /* Frameworks */ = {
			isa = PBXFrameworksBuildPhase;
			buildActionMask = 2147483647;
			files = (
			);
			runOnlyForDeploymentPostprocessing = 0;
		};
/* End PBXFrameworksBuildPhase section */

/* Begin PBXGroup section */
		9C1D18EA2450E27400A4230E = {
			isa = PBXGroup;
			children = (
				9C1D18F52450E27400A4230E /* RainbowTabs */,
				9C1D18F42450E27400A4230E /* Products */,
			);
			sourceTree = "<group>";
		};
		9C1D18F42450E27400A4230E /* Products */ = {
			isa = PBXGroup;
			children = (
				9C1D18F32450E27400A4230E /* RainbowTabs.app */,
			);
			name = Products;
			sourceTree = "<group>";
		};
		9C1D18F52450E27400A4230E /* RainbowTabs */ = {
			isa = PBXGroup;
			children = (
				9C1D18F62450E27400A4230E /* AppDelegate.swift */,
				9C1D18F82450E27400A4230E /* SceneDelegate.swift */,
				9C1D190E2450E9D300A4230E /* CenterButton.swift */,
				9C1D18FA2450E27400A4230E /* ViewController.swift */,
				9C1D190C2450E62700A4230E /* GreenViewController.swift */,
				9C1D190A2450E62100A4230E /* BlueViewController.swift */,
				9C1D19102450EDFC00A4230E /* GoViewController.swift */,
				9C1D19122450F13E00A4230E /* UIView+Constraints.swift */,
				9C1D18FC2450E27400A4230E /* Main.storyboard */,
				9C1D18FF2450E27500A4230E /* Assets.xcassets */,
				9C1D19012450E27500A4230E /* LaunchScreen.storyboard */,
				9C1D19042450E27500A4230E /* Info.plist */,
			);
			path = RainbowTabs;
			sourceTree = "<group>";
		};
/* End PBXGroup section */

/* Begin PBXNativeTarget section */
		9C1D18F22450E27400A4230E /* RainbowTabs */ = {
			isa = PBXNativeTarget;
			buildConfigurationList = 9C1D19072450E27500A4230E /* Build configuration list for PBXNativeTarget "RainbowTabs" */;
			buildPhases = (
				9C1D18EF2450E27400A4230E /* Sources */,
				9C1D18F02450E27400A4230E /* Frameworks */,
				9C1D18F12450E27400A4230E /* Resources */,
			);
			buildRules = (
			);
			dependencies = (
			);
			name = RainbowTabs;
			productName = RainbowTabs;
			productReference = 9C1D18F32450E27400A4230E /* RainbowTabs.app */;
			productType = "com.apple.product-type.application";
		};
/* End PBXNativeTarget section */

/* Begin PBXProject section */
		9C1D18EB2450E27400A4230E /* Project object */ = {
			isa = PBXProject;
			attributes = {
				LastSwiftUpdateCheck = 1140;
				LastUpgradeCheck = 1140;
				ORGANIZATIONNAME = "Richard Cho";
				TargetAttributes = {
					9C1D18F22450E27400A4230E = {
						CreatedOnToolsVersion = 11.4.1;
					};
				};
			};
			buildConfigurationList = 9C1D18EE2450E27400A4230E /* Build configuration list for PBXProject "RainbowTabs" */;
			compatibilityVersion = "Xcode 9.3";
			developmentRegion = en;
			hasScannedForEncodings = 0;
			knownRegions = (
				en,
				Base,
			);
			mainGroup = 9C1D18EA2450E27400A4230E;
			productRefGroup = 9C1D18F42450E27400A4230E /* Products */;
			projectDirPath = "";
			projectRoot = "";
			targets = (
				9C1D18F22450E27400A4230E /* RainbowTabs */,
			);
		};
/* End PBXProject section */

/* Begin PBXResourcesBuildPhase section */
		9C1D18F12450E27400A4230E /* Resources */ = {
			isa = PBXResourcesBuildPhase;
			buildActionMask = 2147483647;
			files = (
				9C1D19032450E27500A4230E /* LaunchScreen.storyboard in Resources */,
				9C1D19002450E27500A4230E /* Assets.xcassets in Resources */,
				9C1D18FE2450E27400A4230E /* Main.storyboard in Resources */,
			);
			runOnlyForDeploymentPostprocessing = 0;
		};
/* End PBXResourcesBuildPhase section */

/* Begin PBXSourcesBuildPhase section */
		9C1D18EF2450E27400A4230E /* Sources */ = {
			isa = PBXSourcesBuildPhase;
			buildActionMask = 2147483647;
			files = (
				9C1D18FB2450E27400A4230E /* ViewController.swift in Sources */,
				9C1D18F72450E27400A4230E /* AppDelegate.swift in Sources */,
				9C1D190F2450E9D300A4230E /* CenterButton.swift in Sources */,
				9C1D190B2450E62100A4230E /* BlueViewController.swift in Sources */,
				9C1D18F92450E27400A4230E /* SceneDelegate.swift in Sources */,
				9C1D190D2450E62700A4230E /* GreenViewController.swift in Sources */,
				9C1D19112450EDFC00A4230E /* GoViewController.swift in Sources */,
				9C1D19132450F13E00A4230E /* UIView+Constraints.swift in Sources */,
			);
			runOnlyForDeploymentPostprocessing = 0;
		};
/* End PBXSourcesBuildPhase section */

/* Begin PBXVariantGroup section */
		9C1D18FC2450E27400A4230E /* Main.storyboard */ = {
			isa = PBXVariantGroup;
			children = (
				9C1D18FD2450E27400A4230E /* Base */,
			);
			name = Main.storyboard;
			sourceTree = "<group>";
		};
		9C1D19012450E27500A4230E /* LaunchScreen.storyboard */ = {
			isa = PBXVariantGroup;
			children = (
				9C1D19022450E27500A4230E /* Base */,
			);
			name = LaunchScreen.storyboard;
			sourceTree = "<group>";
		};
/* End PBXVariantGroup section */

/* Begin XCBuildConfiguration section */
		9C1D19052450E27500A4230E /* Debug */ = {
			isa = XCBuildConfiguration;
			buildSettings = {
				ALWAYS_SEARCH_USER_PATHS = NO;
				CLANG_ANALYZER_NONNULL = YES;
				CLANG_ANALYZER_NUMBER_OBJECT_CONVERSION = YES_AGGRESSIVE;
				CLANG_CXX_LANGUAGE_STANDARD = "gnu++14";
				CLANG_CXX_LIBRARY = "libc++";
				CLANG_ENABLE_MODULES = YES;
				CLANG_ENABLE_OBJC_ARC = YES;
				CLANG_ENABLE_OBJC_WEAK = YES;
				CLANG_WARN_BLOCK_CAPTURE_AUTORELEASING = YES;
				CLANG_WARN_BOOL_CONVERSION = YES;
				CLANG_WARN_COMMA = YES;
				CLANG_WARN_CONSTANT_CONVERSION = YES;
				CLANG_WARN_DEPRECATED_OBJC_IMPLEMENTATIONS = YES;
				CLANG_WARN_DIRECT_OBJC_ISA_USAGE = YES_ERROR;
				CLANG_WARN_DOCUMENTATION_COMMENTS = YES;
				CLANG_WARN_EMPTY_BODY = YES;
				CLANG_WARN_ENUM_CONVERSION = YES;
				CLANG_WARN_INFINITE_RECURSION = YES;
				CLANG_WARN_INT_CONVERSION = YES;
				CLANG_WARN_NON_LITERAL_NULL_CONVERSION = YES;
				CLANG_WARN_OBJC_IMPLICIT_RETAIN_SELF = YES;
				CLANG_WARN_OBJC_LITERAL_CONVERSION = YES;
				CLANG_WARN_OBJC_ROOT_CLASS = YES_ERROR;
				CLANG_WARN_RANGE_LOOP_ANALYSIS = YES;
				CLANG_WARN_STRICT_PROTOTYPES = YES;
				CLANG_WARN_SUSPICIOUS_MOVE = YES;
				CLANG_WARN_UNGUARDED_AVAILABILITY = YES_AGGRESSIVE;
				CLANG_WARN_UNREACHABLE_CODE = YES;
				CLANG_WARN__DUPLICATE_METHOD_MATCH = YES;
				COPY_PHASE_STRIP = NO;
				DEBUG_INFORMATION_FORMAT = dwarf;
				ENABLE_STRICT_OBJC_MSGSEND = YES;
				ENABLE_TESTABILITY = YES;
				GCC_C_LANGUAGE_STANDARD = gnu11;
				GCC_DYNAMIC_NO_PIC = NO;
				GCC_NO_COMMON_BLOCKS = YES;
				GCC_OPTIMIZATION_LEVEL = 0;
				GCC_PREPROCESSOR_DEFINITIONS = (
					"DEBUG=1",
					"$(inherited)",
				);
				GCC_WARN_64_TO_32_BIT_CONVERSION = YES;
				GCC_WARN_ABOUT_RETURN_TYPE = YES_ERROR;
				GCC_WARN_UNDECLARED_SELECTOR = YES;
				GCC_WARN_UNINITIALIZED_AUTOS = YES_AGGRESSIVE;
				GCC_WARN_UNUSED_FUNCTION = YES;
				GCC_WARN_UNUSED_VARIABLE = YES;
				IPHONEOS_DEPLOYMENT_TARGET = 13.4;
				MTL_ENABLE_DEBUG_INFO = INCLUDE_SOURCE;
				MTL_FAST_MATH = YES;
				ONLY_ACTIVE_ARCH = YES;
				SDKROOT = iphoneos;
				SWIFT_ACTIVE_COMPILATION_CONDITIONS = DEBUG;
				SWIFT_OPTIMIZATION_LEVEL = "-Onone";
			};
			name = Debug;
		};
		9C1D19062450E27500A4230E /* Release */ = {
			isa = XCBuildConfiguration;
			buildSettings = {
				ALWAYS_SEARCH_USER_PATHS = NO;
				CLANG_ANALYZER_NONNULL = YES;
				CLANG_ANALYZER_NUMBER_OBJECT_CONVERSION = YES_AGGRESSIVE;
				CLANG_CXX_LANGUAGE_STANDARD = "gnu++14";
				CLANG_CXX_LIBRARY = "libc++";
				CLANG_ENABLE_MODULES = YES;
				CLANG_ENABLE_OBJC_ARC = YES;
				CLANG_ENABLE_OBJC_WEAK = YES;
				CLANG_WARN_BLOCK_CAPTURE_AUTORELEASING = YES;
				CLANG_WARN_BOOL_CONVERSION = YES;
				CLANG_WARN_COMMA = YES;
				CLANG_WARN_CONSTANT_CONVERSION = YES;
				CLANG_WARN_DEPRECATED_OBJC_IMPLEMENTATIONS = YES;
				CLANG_WARN_DIRECT_OBJC_ISA_USAGE = YES_ERROR;
				CLANG_WARN_DOCUMENTATION_COMMENTS = YES;
				CLANG_WARN_EMPTY_BODY = YES;
				CLANG_WARN_ENUM_CONVERSION = YES;
				CLANG_WARN_INFINITE_RECURSION = YES;
				CLANG_WARN_INT_CONVERSION = YES;
				CLANG_WARN_NON_LITERAL_NULL_CONVERSION = YES;
				CLANG_WARN_OBJC_IMPLICIT_RETAIN_SELF = YES;
				CLANG_WARN_OBJC_LITERAL_CONVERSION = YES;
				CLANG_WARN_OBJC_ROOT_CLASS = YES_ERROR;
				CLANG_WARN_RANGE_LOOP_ANALYSIS = YES;
				CLANG_WARN_STRICT_PROTOTYPES = YES;
				CLANG_WARN_SUSPICIOUS_MOVE = YES;
				CLANG_WARN_UNGUARDED_AVAILABILITY = YES_AGGRESSIVE;
				CLANG_WARN_UNREACHABLE_CODE = YES;
				CLANG_WARN__DUPLICATE_METHOD_MATCH = YES;
				COPY_PHASE_STRIP = NO;
				DEBUG_INFORMATION_FORMAT = "dwarf-with-dsym";
				ENABLE_NS_ASSERTIONS = NO;
				ENABLE_STRICT_OBJC_MSGSEND = YES;
				GCC_C_LANGUAGE_STANDARD = gnu11;
				GCC_NO_COMMON_BLOCKS = YES;
				GCC_WARN_64_TO_32_BIT_CONVERSION = YES;
				GCC_WARN_ABOUT_RETURN_TYPE = YES_ERROR;
				GCC_WARN_UNDECLARED_SELECTOR = YES;
				GCC_WARN_UNINITIALIZED_AUTOS = YES_AGGRESSIVE;
				GCC_WARN_UNUSED_FUNCTION = YES;
				GCC_WARN_UNUSED_VARIABLE = YES;
				IPHONEOS_DEPLOYMENT_TARGET = 13.4;
				MTL_ENABLE_DEBUG_INFO = NO;
				MTL_FAST_MATH = YES;
				SDKROOT = iphoneos;
				SWIFT_COMPILATION_MODE = wholemodule;
				SWIFT_OPTIMIZATION_LEVEL = "-O";
				VALIDATE_PRODUCT = YES;
			};
			name = Release;
		};
		9C1D19082450E27500A4230E /* Debug */ = {
			isa = XCBuildConfiguration;
			buildSettings = {
				ASSETCATALOG_COMPILER_APPICON_NAME = AppIcon;
				CODE_SIGN_STYLE = Automatic;
				DEVELOPMENT_TEAM = JZRKW6S835;
				INFOPLIST_FILE = RainbowTabs/Info.plist;
				LD_RUNPATH_SEARCH_PATHS = (
					"$(inherited)",
					"@executable_path/Frameworks",
				);
				PRODUCT_BUNDLE_IDENTIFIER = com.example.RainbowTabs;
				PRODUCT_NAME = "$(TARGET_NAME)";
				SWIFT_VERSION = 5.0;
				TARGETED_DEVICE_FAMILY = "1,2";
			};
			name = Debug;
		};
		9C1D19092450E27500A4230E /* Release */ = {
			isa = XCBuildConfiguration;
			buildSettings = {
				ASSETCATALOG_COMPILER_APPICON_NAME = AppIcon;
				CODE_SIGN_STYLE = Automatic;
				DEVELOPMENT_TEAM = JZRKW6S835;
				INFOPLIST_FILE = RainbowTabs/Info.plist;
				LD_RUNPATH_SEARCH_PATHS = (
					"$(inherited)",
					"@executable_path/Frameworks",
				);
				PRODUCT_BUNDLE_IDENTIFIER = com.example.RainbowTabs;
				PRODUCT_NAME = "$(TARGET_NAME)";
				SWIFT_VERSION = 5.0;
				TARGETED_DEVICE_FAMILY = "1,2";
			};
			name = Release;
		};
/* End XCBuildConfiguration section */

/* Begin XCConfigurationList section */
		9C1D18EE2450E27400A4230E /* Build configuration list for PBXProject "RainbowTabs" */ = {
			isa = XCConfigurationList;
			buildConfigurations = (
				9C1D19052450E27500A4230E /* Debug */,
				9C1D19062450E27500A4230E /* Release */,
			);
			defaultConfigurationIsVisible = 0;
			defaultConfigurationName = Release;
		};
		9C1D19072450E27500A4230E /* Build configuration list for PBXNativeTarget "RainbowTabs" */ = {
			isa = XCConfigurationList;
			buildConfigurations = (
				9C1D19082450E27500A4230E /* Debug */,
				9C1D19092450E27500A4230E /* Release */,
			);
			defaultConfigurationIsVisible = 0;
			defaultConfigurationName = Release;
		};
/* End XCConfigurationList section */
	};
	rootObject = 9C1D18EB2450E27400A4230E /* Project object */;
}
